
Microsoft Visual Studio Solution File, Format Version 12.00
# Visual Studio Version 17
VisualStudioVersion = 17.7.34202.233
MinimumVisualStudioVersion = 10.0.40219.1
Project("{9A19103F-16F7-4668-BE54-9A1E7A4F7556}") = "RayLibCS", "RaylibCS\RaylibCS.csproj", "{8C55D9E9-BCC8-4B6F-95CB-F8E3F41EA901}"
EndProject
Global
	GlobalSection(SolutionConfigurationPlatforms) = preSolution
		Debug|Any CPU = Debug|Any CPU
		Release|Any CPU = Release|Any CPU
	EndGlobalSection
	GlobalSection(ProjectConfigurationPlatforms) = postSolution
		{8C55D9E9-BCC8-4B6F-95CB-F8E3F41EA901}.Debug|Any CPU.ActiveCfg = Debug|Any CPU
		{8C55D9E9-BCC8-4B6F-95CB-F8E3F41EA901}.Debug|Any CPU.Build.0 = Debug|Any CPU
		{8C55D9E9-BCC8-4B6F-95CB-F8E3F41EA901}.Release|Any CPU.ActiveCfg = Release|Any CPU
		{8C55D9E9-BCC8-4B6F-95CB-F8E3F41EA901}.Release|Any CPU.Build.0 = Release|Any CPU
	EndGlobalSection
	GlobalSection(SolutionProperties) = preSolution
		HideSolutionNode = FALSE
	EndGlobalSection
	GlobalSection(ExtensibilityGlobals) = postSolution
		SolutionGuid = {D187E180-C513-4272-82B9-F6E0789F5026}
	EndGlobalSection
EndGlobal
